
Microsoft Visual Studio Solution File, Format Version 12.00
# Visual Studio 15
VisualStudioVersion = 15.0.26730.16
MinimumVisualStudioVersion = 10.0.40219.1
Project("{FAE04EC0-301F-11D3-BF4B-00C04F79EFBC}") = "Banyan.Api", "Banyan.Api\Banyan.Api.csproj", "{34432667-DB47-4B62-99D3-1CA96BC12965}"
EndProject
Project("{FAE04EC0-301F-11D3-BF4B-00C04F79EFBC}") = "Banyan.Api.UnitTests", "Banyan.Api.UnitTests\Banyan.Api.UnitTests.csproj", "{3DE4FB9A-A482-486E-9A7A-78B4B73348BE}"
EndProject
Project("{FAE04EC0-301F-11D3-BF4B-00C04F79EFBC}") = "Banyan.IntegrationTests", "Banyan.IntegrationTests\Banyan.IntegrationTests.csproj", "{08F38131-C7FC-49F5-916D-C479DB8D7F5A}"
EndProject
Project("{FAE04EC0-301F-11D3-BF4B-00C04F79EFBC}") = "Banyan.Business", "Banyan.Business\Banyan.Business.csproj", "{19DCF278-3C83-4ED7-84CC-B554444B39D0}"
EndProject
Project("{FAE04EC0-301F-11D3-BF4B-00C04F79EFBC}") = "Banyan.Business.UnitTests", "Banyan.Business.UnitTests\Banyan.Business.UnitTests.csproj", "{3A2CB0E4-B121-44C4-A4A7-FD13A577215D}"
EndProject
Project("{FAE04EC0-301F-11D3-BF4B-00C04F79EFBC}") = "Banyan.Data", "Banyan.Data\Banyan.Data.csproj", "{A0211584-0ABA-4C7A-80CC-C0830C282388}"
EndProject
Project("{FAE04EC0-301F-11D3-BF4B-00C04F79EFBC}") = "Banyan.Contracts", "Banyan.Contracts\Banyan.Contracts.csproj", "{4C2D0FFF-674D-4C3E-BE59-17D6379F323B}"
EndProject
Project("{FAE04EC0-301F-11D3-BF4B-00C04F79EFBC}") = "Banyan.Seed", "Banyan.Seed\Banyan.Seed.csproj", "{BDE0E760-D3D2-48E5-AE57-227356B9DE4B}"
EndProject
Project("{FAE04EC0-301F-11D3-BF4B-00C04F79EFBC}") = "Banyan.Business.ThirdParty.Services", "Banyan.Business.ThirdParty.Services\Banyan.Business.ThirdParty.Services.csproj", "{F8F8D259-F6AA-4616-A9D0-21A6260FBF7F}"
EndProject
Project("{FAE04EC0-301F-11D3-BF4B-00C04F79EFBC}") = "Banyan.Business.ThirdParty.Services.Contracts", "Banyan.Business.ThirdPartyContracts\Banyan.Business.ThirdParty.Services.Contracts.csproj", "{F3604CEE-D092-40BC-B592-39EB4F8D28E3}"
EndProject
Project("{FAE04EC0-301F-11D3-BF4B-00C04F79EFBC}") = "Banyan.Migrate", "Banyan.Migrate\Banyan.Migrate.csproj", "{E94F3F94-4E65-459A-8659-01C39D8FAF76}"
EndProject
Project("{FAE04EC0-301F-11D3-BF4B-00C04F79EFBC}") = "Banyan.Data.Entities", "Banyan.Data.Entities\Banyan.Data.Entities.csproj", "{4E4871CC-18CE-41E8-A8BD-7D8A0C589F93}"
EndProject
Project("{9A19103F-16F7-4668-BE54-9A1E7A4F7556}") = "Banyan.Auth.Util", "Banyan.Auth.Util\Banyan.Auth.Util.csproj", "{06A285CD-2E41-477B-BF66-6089C3493672}"
EndProject
Project("{FAE04EC0-301F-11D3-BF4B-00C04F79EFBC}") = "Banyan.Api.Contracts", "Banyan.Api.Contracts\Banyan.Api.Contracts.csproj", "{02FD085B-6364-4D2B-906D-A4B3F69D6AA8}"
EndProject
Project("{FAE04EC0-301F-11D3-BF4B-00C04F79EFBC}") = "Banyan.Auth.Data.Entities", "Banyan.Auth.Data.Entities\Banyan.Auth.Data.Entities.csproj", "{FC86C50F-8BF8-4818-8D1C-C7BC656FEDEE}"
EndProject
Project("{FAE04EC0-301F-11D3-BF4B-00C04F79EFBC}") = "Banyan.Auth.Data", "Banyan.Auth.Data\Banyan.Auth.Data.csproj", "{C46A67C6-8A7A-435D-81DA-1E42368F9478}"
EndProject
Global
	GlobalSection(SolutionConfigurationPlatforms) = preSolution
		Debug|Any CPU = Debug|Any CPU
		Dev|Any CPU = Dev|Any CPU
		Dev1|Any CPU = Dev1|Any CPU
		ProdTest|Any CPU = ProdTest|Any CPU
		Production|Any CPU = Production|Any CPU
		Qa|Any CPU = Qa|Any CPU
		Release|Any CPU = Release|Any CPU
		Sandbox|Any CPU = Sandbox|Any CPU
		Stage|Any CPU = Stage|Any CPU
	EndGlobalSection
	GlobalSection(ProjectConfigurationPlatforms) = postSolution
		{34432667-DB47-4B62-99D3-1CA96BC12965}.Debug|Any CPU.ActiveCfg = Debug|Any CPU
		{34432667-DB47-4B62-99D3-1CA96BC12965}.Debug|Any CPU.Build.0 = Debug|Any CPU
		{34432667-DB47-4B62-99D3-1CA96BC12965}.Dev|Any CPU.ActiveCfg = Dev|Any CPU
		{34432667-DB47-4B62-99D3-1CA96BC12965}.Dev|Any CPU.Build.0 = Dev|Any CPU
		{34432667-DB47-4B62-99D3-1CA96BC12965}.Dev1|Any CPU.ActiveCfg = Dev1|Any CPU
		{34432667-DB47-4B62-99D3-1CA96BC12965}.Dev1|Any CPU.Build.0 = Dev1|Any CPU
		{34432667-DB47-4B62-99D3-1CA96BC12965}.ProdTest|Any CPU.ActiveCfg = ProdTest|Any CPU
		{34432667-DB47-4B62-99D3-1CA96BC12965}.ProdTest|Any CPU.Build.0 = ProdTest|Any CPU
		{34432667-DB47-4B62-99D3-1CA96BC12965}.Production|Any CPU.ActiveCfg = Production|Any CPU
		{34432667-DB47-4B62-99D3-1CA96BC12965}.Production|Any CPU.Build.0 = Production|Any CPU
		{34432667-DB47-4B62-99D3-1CA96BC12965}.Qa|Any CPU.ActiveCfg = Qa|Any CPU
		{34432667-DB47-4B62-99D3-1CA96BC12965}.Qa|Any CPU.Build.0 = Qa|Any CPU
		{34432667-DB47-4B62-99D3-1CA96BC12965}.Release|Any CPU.ActiveCfg = Release|Any CPU
		{34432667-DB47-4B62-99D3-1CA96BC12965}.Release|Any CPU.Build.0 = Release|Any CPU
		{34432667-DB47-4B62-99D3-1CA96BC12965}.Sandbox|Any CPU.ActiveCfg = Sandbox|Any CPU
		{34432667-DB47-4B62-99D3-1CA96BC12965}.Sandbox|Any CPU.Build.0 = Sandbox|Any CPU
		{34432667-DB47-4B62-99D3-1CA96BC12965}.Stage|Any CPU.ActiveCfg = Stage|Any CPU
		{34432667-DB47-4B62-99D3-1CA96BC12965}.Stage|Any CPU.Build.0 = Stage|Any CPU
		{3DE4FB9A-A482-486E-9A7A-78B4B73348BE}.Debug|Any CPU.ActiveCfg = Debug|Any CPU
		{3DE4FB9A-A482-486E-9A7A-78B4B73348BE}.Debug|Any CPU.Build.0 = Debug|Any CPU
		{3DE4FB9A-A482-486E-9A7A-78B4B73348BE}.Dev|Any CPU.ActiveCfg = Dev|Any CPU
		{3DE4FB9A-A482-486E-9A7A-78B4B73348BE}.Dev|Any CPU.Build.0 = Dev|Any CPU
		{3DE4FB9A-A482-486E-9A7A-78B4B73348BE}.Dev1|Any CPU.ActiveCfg = Dev1|Any CPU
		{3DE4FB9A-A482-486E-9A7A-78B4B73348BE}.Dev1|Any CPU.Build.0 = Dev1|Any CPU
		{3DE4FB9A-A482-486E-9A7A-78B4B73348BE}.ProdTest|Any CPU.ActiveCfg = ProdTest|Any CPU
		{3DE4FB9A-A482-486E-9A7A-78B4B73348BE}.ProdTest|Any CPU.Build.0 = ProdTest|Any CPU
		{3DE4FB9A-A482-486E-9A7A-78B4B73348BE}.Production|Any CPU.ActiveCfg = Production|Any CPU
		{3DE4FB9A-A482-486E-9A7A-78B4B73348BE}.Production|Any CPU.Build.0 = Production|Any CPU
		{3DE4FB9A-A482-486E-9A7A-78B4B73348BE}.Qa|Any CPU.ActiveCfg = Qa|Any CPU
		{3DE4FB9A-A482-486E-9A7A-78B4B73348BE}.Qa|Any CPU.Build.0 = Qa|Any CPU
		{3DE4FB9A-A482-486E-9A7A-78B4B73348BE}.Release|Any CPU.ActiveCfg = Release|Any CPU
		{3DE4FB9A-A482-486E-9A7A-78B4B73348BE}.Release|Any CPU.Build.0 = Release|Any CPU
		{3DE4FB9A-A482-486E-9A7A-78B4B73348BE}.Sandbox|Any CPU.ActiveCfg = Sandbox|Any CPU
		{3DE4FB9A-A482-486E-9A7A-78B4B73348BE}.Sandbox|Any CPU.Build.0 = Sandbox|Any CPU
		{3DE4FB9A-A482-486E-9A7A-78B4B73348BE}.Stage|Any CPU.ActiveCfg = Stage|Any CPU
		{3DE4FB9A-A482-486E-9A7A-78B4B73348BE}.Stage|Any CPU.Build.0 = Stage|Any CPU
		{08F38131-C7FC-49F5-916D-C479DB8D7F5A}.Debug|Any CPU.ActiveCfg = Debug|Any CPU
		{08F38131-C7FC-49F5-916D-C479DB8D7F5A}.Debug|Any CPU.Build.0 = Debug|Any CPU
		{08F38131-C7FC-49F5-916D-C479DB8D7F5A}.Dev|Any CPU.ActiveCfg = Dev|Any CPU
		{08F38131-C7FC-49F5-916D-C479DB8D7F5A}.Dev|Any CPU.Build.0 = Dev|Any CPU
		{08F38131-C7FC-49F5-916D-C479DB8D7F5A}.Dev1|Any CPU.ActiveCfg = Dev1|Any CPU
		{08F38131-C7FC-49F5-916D-C479DB8D7F5A}.Dev1|Any CPU.Build.0 = Dev1|Any CPU
		{08F38131-C7FC-49F5-916D-C479DB8D7F5A}.ProdTest|Any CPU.ActiveCfg = ProdTest|Any CPU
		{08F38131-C7FC-49F5-916D-C479DB8D7F5A}.ProdTest|Any CPU.Build.0 = ProdTest|Any CPU
		{08F38131-C7FC-49F5-916D-C479DB8D7F5A}.Production|Any CPU.ActiveCfg = Production|Any CPU
		{08F38131-C7FC-49F5-916D-C479DB8D7F5A}.Production|Any CPU.Build.0 = Production|Any CPU
		{08F38131-C7FC-49F5-916D-C479DB8D7F5A}.Qa|Any CPU.ActiveCfg = Qa|Any CPU
		{08F38131-C7FC-49F5-916D-C479DB8D7F5A}.Qa|Any CPU.Build.0 = Qa|Any CPU
		{08F38131-C7FC-49F5-916D-C479DB8D7F5A}.Release|Any CPU.ActiveCfg = Stage|Any CPU
		{08F38131-C7FC-49F5-916D-C479DB8D7F5A}.Release|Any CPU.Build.0 = Stage|Any CPU
		{08F38131-C7FC-49F5-916D-C479DB8D7F5A}.Sandbox|Any CPU.ActiveCfg = Sandbox|Any CPU
		{08F38131-C7FC-49F5-916D-C479DB8D7F5A}.Sandbox|Any CPU.Build.0 = Sandbox|Any CPU
		{08F38131-C7FC-49F5-916D-C479DB8D7F5A}.Stage|Any CPU.ActiveCfg = Stage|Any CPU
		{08F38131-C7FC-49F5-916D-C479DB8D7F5A}.Stage|Any CPU.Build.0 = Stage|Any CPU
		{19DCF278-3C83-4ED7-84CC-B554444B39D0}.Debug|Any CPU.ActiveCfg = Debug|Any CPU
		{19DCF278-3C83-4ED7-84CC-B554444B39D0}.Debug|Any CPU.Build.0 = Debug|Any CPU
		{19DCF278-3C83-4ED7-84CC-B554444B39D0}.Dev|Any CPU.ActiveCfg = Dev|Any CPU
		{19DCF278-3C83-4ED7-84CC-B554444B39D0}.Dev|Any CPU.Build.0 = Dev|Any CPU
		{19DCF278-3C83-4ED7-84CC-B554444B39D0}.Dev1|Any CPU.ActiveCfg = Dev1|Any CPU
		{19DCF278-3C83-4ED7-84CC-B554444B39D0}.Dev1|Any CPU.Build.0 = Dev1|Any CPU
		{19DCF278-3C83-4ED7-84CC-B554444B39D0}.ProdTest|Any CPU.ActiveCfg = ProdTest|Any CPU
		{19DCF278-3C83-4ED7-84CC-B554444B39D0}.ProdTest|Any CPU.Build.0 = ProdTest|Any CPU
		{19DCF278-3C83-4ED7-84CC-B554444B39D0}.Production|Any CPU.ActiveCfg = Production|Any CPU
		{19DCF278-3C83-4ED7-84CC-B554444B39D0}.Production|Any CPU.Build.0 = Production|Any CPU
		{19DCF278-3C83-4ED7-84CC-B554444B39D0}.Qa|Any CPU.ActiveCfg = Qa|Any CPU
		{19DCF278-3C83-4ED7-84CC-B554444B39D0}.Qa|Any CPU.Build.0 = Qa|Any CPU
		{19DCF278-3C83-4ED7-84CC-B554444B39D0}.Release|Any CPU.ActiveCfg = Release|Any CPU
		{19DCF278-3C83-4ED7-84CC-B554444B39D0}.Release|Any CPU.Build.0 = Release|Any CPU
		{19DCF278-3C83-4ED7-84CC-B554444B39D0}.Sandbox|Any CPU.ActiveCfg = Sandbox|Any CPU
		{19DCF278-3C83-4ED7-84CC-B554444B39D0}.Sandbox|Any CPU.Build.0 = Sandbox|Any CPU
		{19DCF278-3C83-4ED7-84CC-B554444B39D0}.Stage|Any CPU.ActiveCfg = Stage|Any CPU
		{19DCF278-3C83-4ED7-84CC-B554444B39D0}.Stage|Any CPU.Build.0 = Stage|Any CPU
		{3A2CB0E4-B121-44C4-A4A7-FD13A577215D}.Debug|Any CPU.ActiveCfg = Debug|Any CPU
		{3A2CB0E4-B121-44C4-A4A7-FD13A577215D}.Debug|Any CPU.Build.0 = Debug|Any CPU
		{3A2CB0E4-B121-44C4-A4A7-FD13A577215D}.Dev|Any CPU.ActiveCfg = Dev|Any CPU
		{3A2CB0E4-B121-44C4-A4A7-FD13A577215D}.Dev|Any CPU.Build.0 = Dev|Any CPU
		{3A2CB0E4-B121-44C4-A4A7-FD13A577215D}.Dev1|Any CPU.ActiveCfg = Dev1|Any CPU
		{3A2CB0E4-B121-44C4-A4A7-FD13A577215D}.Dev1|Any CPU.Build.0 = Dev1|Any CPU
		{3A2CB0E4-B121-44C4-A4A7-FD13A577215D}.ProdTest|Any CPU.ActiveCfg = ProdTest|Any CPU
		{3A2CB0E4-B121-44C4-A4A7-FD13A577215D}.ProdTest|Any CPU.Build.0 = ProdTest|Any CPU
		{3A2CB0E4-B121-44C4-A4A7-FD13A577215D}.Production|Any CPU.ActiveCfg = Production|Any CPU
		{3A2CB0E4-B121-44C4-A4A7-FD13A577215D}.Production|Any CPU.Build.0 = Production|Any CPU
		{3A2CB0E4-B121-44C4-A4A7-FD13A577215D}.Qa|Any CPU.ActiveCfg = Qa|Any CPU
		{3A2CB0E4-B121-44C4-A4A7-FD13A577215D}.Qa|Any CPU.Build.0 = Qa|Any CPU
		{3A2CB0E4-B121-44C4-A4A7-FD13A577215D}.Release|Any CPU.ActiveCfg = Release|Any CPU
		{3A2CB0E4-B121-44C4-A4A7-FD13A577215D}.Release|Any CPU.Build.0 = Release|Any CPU
		{3A2CB0E4-B121-44C4-A4A7-FD13A577215D}.Sandbox|Any CPU.ActiveCfg = Sandbox|Any CPU
		{3A2CB0E4-B121-44C4-A4A7-FD13A577215D}.Sandbox|Any CPU.Build.0 = Sandbox|Any CPU
		{3A2CB0E4-B121-44C4-A4A7-FD13A577215D}.Stage|Any CPU.ActiveCfg = Stage|Any CPU
		{3A2CB0E4-B121-44C4-A4A7-FD13A577215D}.Stage|Any CPU.Build.0 = Stage|Any CPU
		{A0211584-0ABA-4C7A-80CC-C0830C282388}.Debug|Any CPU.ActiveCfg = Debug|Any CPU
		{A0211584-0ABA-4C7A-80CC-C0830C282388}.Debug|Any CPU.Build.0 = Debug|Any CPU
		{A0211584-0ABA-4C7A-80CC-C0830C282388}.Dev|Any CPU.ActiveCfg = Dev|Any CPU
		{A0211584-0ABA-4C7A-80CC-C0830C282388}.Dev|Any CPU.Build.0 = Dev|Any CPU
		{A0211584-0ABA-4C7A-80CC-C0830C282388}.Dev1|Any CPU.ActiveCfg = Dev1|Any CPU
		{A0211584-0ABA-4C7A-80CC-C0830C282388}.Dev1|Any CPU.Build.0 = Dev1|Any CPU
		{A0211584-0ABA-4C7A-80CC-C0830C282388}.ProdTest|Any CPU.ActiveCfg = ProdTest|Any CPU
		{A0211584-0ABA-4C7A-80CC-C0830C282388}.ProdTest|Any CPU.Build.0 = ProdTest|Any CPU
		{A0211584-0ABA-4C7A-80CC-C0830C282388}.Production|Any CPU.ActiveCfg = Production|Any CPU
		{A0211584-0ABA-4C7A-80CC-C0830C282388}.Production|Any CPU.Build.0 = Production|Any CPU
		{A0211584-0ABA-4C7A-80CC-C0830C282388}.Qa|Any CPU.ActiveCfg = Qa|Any CPU
		{A0211584-0ABA-4C7A-80CC-C0830C282388}.Qa|Any CPU.Build.0 = Qa|Any CPU
		{A0211584-0ABA-4C7A-80CC-C0830C282388}.Release|Any CPU.ActiveCfg = Release|Any CPU
		{A0211584-0ABA-4C7A-80CC-C0830C282388}.Release|Any CPU.Build.0 = Release|Any CPU
		{A0211584-0ABA-4C7A-80CC-C0830C282388}.Sandbox|Any CPU.ActiveCfg = Sandbox|Any CPU
		{A0211584-0ABA-4C7A-80CC-C0830C282388}.Sandbox|Any CPU.Build.0 = Sandbox|Any CPU
		{A0211584-0ABA-4C7A-80CC-C0830C282388}.Stage|Any CPU.ActiveCfg = Stage|Any CPU
		{A0211584-0ABA-4C7A-80CC-C0830C282388}.Stage|Any CPU.Build.0 = Stage|Any CPU
		{4C2D0FFF-674D-4C3E-BE59-17D6379F323B}.Debug|Any CPU.ActiveCfg = Debug|Any CPU
		{4C2D0FFF-674D-4C3E-BE59-17D6379F323B}.Debug|Any CPU.Build.0 = Debug|Any CPU
		{4C2D0FFF-674D-4C3E-BE59-17D6379F323B}.Dev|Any CPU.ActiveCfg = Dev|Any CPU
		{4C2D0FFF-674D-4C3E-BE59-17D6379F323B}.Dev|Any CPU.Build.0 = Dev|Any CPU
		{4C2D0FFF-674D-4C3E-BE59-17D6379F323B}.Dev1|Any CPU.ActiveCfg = Dev1|Any CPU
		{4C2D0FFF-674D-4C3E-BE59-17D6379F323B}.Dev1|Any CPU.Build.0 = Dev1|Any CPU
		{4C2D0FFF-674D-4C3E-BE59-17D6379F323B}.ProdTest|Any CPU.ActiveCfg = ProdTest|Any CPU
		{4C2D0FFF-674D-4C3E-BE59-17D6379F323B}.ProdTest|Any CPU.Build.0 = ProdTest|Any CPU
		{4C2D0FFF-674D-4C3E-BE59-17D6379F323B}.Production|Any CPU.ActiveCfg = Production|Any CPU
		{4C2D0FFF-674D-4C3E-BE59-17D6379F323B}.Production|Any CPU.Build.0 = Production|Any CPU
		{4C2D0FFF-674D-4C3E-BE59-17D6379F323B}.Qa|Any CPU.ActiveCfg = Qa|Any CPU
		{4C2D0FFF-674D-4C3E-BE59-17D6379F323B}.Qa|Any CPU.Build.0 = Qa|Any CPU
		{4C2D0FFF-674D-4C3E-BE59-17D6379F323B}.Release|Any CPU.ActiveCfg = Release|Any CPU
		{4C2D0FFF-674D-4C3E-BE59-17D6379F323B}.Release|Any CPU.Build.0 = Release|Any CPU
		{4C2D0FFF-674D-4C3E-BE59-17D6379F323B}.Sandbox|Any CPU.ActiveCfg = Sandbox|Any CPU
		{4C2D0FFF-674D-4C3E-BE59-17D6379F323B}.Sandbox|Any CPU.Build.0 = Sandbox|Any CPU
		{4C2D0FFF-674D-4C3E-BE59-17D6379F323B}.Stage|Any CPU.ActiveCfg = Stage|Any CPU
		{4C2D0FFF-674D-4C3E-BE59-17D6379F323B}.Stage|Any CPU.Build.0 = Stage|Any CPU
		{BDE0E760-D3D2-48E5-AE57-227356B9DE4B}.Debug|Any CPU.ActiveCfg = Debug|Any CPU
		{BDE0E760-D3D2-48E5-AE57-227356B9DE4B}.Debug|Any CPU.Build.0 = Debug|Any CPU
		{BDE0E760-D3D2-48E5-AE57-227356B9DE4B}.Dev|Any CPU.ActiveCfg = Dev|Any CPU
		{BDE0E760-D3D2-48E5-AE57-227356B9DE4B}.Dev|Any CPU.Build.0 = Dev|Any CPU
		{BDE0E760-D3D2-48E5-AE57-227356B9DE4B}.Dev1|Any CPU.ActiveCfg = Dev|Any CPU
		{BDE0E760-D3D2-48E5-AE57-227356B9DE4B}.Dev1|Any CPU.Build.0 = Dev|Any CPU
		{BDE0E760-D3D2-48E5-AE57-227356B9DE4B}.ProdTest|Any CPU.ActiveCfg = ProdTest|Any CPU
		{BDE0E760-D3D2-48E5-AE57-227356B9DE4B}.ProdTest|Any CPU.Build.0 = ProdTest|Any CPU
		{BDE0E760-D3D2-48E5-AE57-227356B9DE4B}.Production|Any CPU.ActiveCfg = Production|Any CPU
		{BDE0E760-D3D2-48E5-AE57-227356B9DE4B}.Production|Any CPU.Build.0 = Production|Any CPU
		{BDE0E760-D3D2-48E5-AE57-227356B9DE4B}.Qa|Any CPU.ActiveCfg = Qa|Any CPU
		{BDE0E760-D3D2-48E5-AE57-227356B9DE4B}.Qa|Any CPU.Build.0 = Qa|Any CPU
		{BDE0E760-D3D2-48E5-AE57-227356B9DE4B}.Release|Any CPU.ActiveCfg = Release|Any CPU
		{BDE0E760-D3D2-48E5-AE57-227356B9DE4B}.Release|Any CPU.Build.0 = Release|Any CPU
		{BDE0E760-D3D2-48E5-AE57-227356B9DE4B}.Sandbox|Any CPU.ActiveCfg = Sandbox|Any CPU
		{BDE0E760-D3D2-48E5-AE57-227356B9DE4B}.Sandbox|Any CPU.Build.0 = Sandbox|Any CPU
		{BDE0E760-D3D2-48E5-AE57-227356B9DE4B}.Stage|Any CPU.ActiveCfg = Stage|Any CPU
		{BDE0E760-D3D2-48E5-AE57-227356B9DE4B}.Stage|Any CPU.Build.0 = Stage|Any CPU
		{F8F8D259-F6AA-4616-A9D0-21A6260FBF7F}.Debug|Any CPU.ActiveCfg = Debug|Any CPU
		{F8F8D259-F6AA-4616-A9D0-21A6260FBF7F}.Debug|Any CPU.Build.0 = Debug|Any CPU
		{F8F8D259-F6AA-4616-A9D0-21A6260FBF7F}.Dev|Any CPU.ActiveCfg = Debug|Any CPU
		{F8F8D259-F6AA-4616-A9D0-21A6260FBF7F}.Dev|Any CPU.Build.0 = Debug|Any CPU
		{F8F8D259-F6AA-4616-A9D0-21A6260FBF7F}.Dev1|Any CPU.ActiveCfg = Debug|Any CPU
		{F8F8D259-F6AA-4616-A9D0-21A6260FBF7F}.Dev1|Any CPU.Build.0 = Debug|Any CPU
		{F8F8D259-F6AA-4616-A9D0-21A6260FBF7F}.ProdTest|Any CPU.ActiveCfg = ProdTest|Any CPU
		{F8F8D259-F6AA-4616-A9D0-21A6260FBF7F}.ProdTest|Any CPU.Build.0 = ProdTest|Any CPU
		{F8F8D259-F6AA-4616-A9D0-21A6260FBF7F}.Production|Any CPU.ActiveCfg = Release|Any CPU
		{F8F8D259-F6AA-4616-A9D0-21A6260FBF7F}.Production|Any CPU.Build.0 = Release|Any CPU
		{F8F8D259-F6AA-4616-A9D0-21A6260FBF7F}.Qa|Any CPU.ActiveCfg = Release|Any CPU
		{F8F8D259-F6AA-4616-A9D0-21A6260FBF7F}.Qa|Any CPU.Build.0 = Release|Any CPU
		{F8F8D259-F6AA-4616-A9D0-21A6260FBF7F}.Release|Any CPU.ActiveCfg = Release|Any CPU
		{F8F8D259-F6AA-4616-A9D0-21A6260FBF7F}.Release|Any CPU.Build.0 = Release|Any CPU
		{F8F8D259-F6AA-4616-A9D0-21A6260FBF7F}.Sandbox|Any CPU.ActiveCfg = Release|Any CPU
		{F8F8D259-F6AA-4616-A9D0-21A6260FBF7F}.Sandbox|Any CPU.Build.0 = Release|Any CPU
		{F8F8D259-F6AA-4616-A9D0-21A6260FBF7F}.Stage|Any CPU.ActiveCfg = Stage|Any CPU
		{F8F8D259-F6AA-4616-A9D0-21A6260FBF7F}.Stage|Any CPU.Build.0 = Stage|Any CPU
		{F3604CEE-D092-40BC-B592-39EB4F8D28E3}.Debug|Any CPU.ActiveCfg = Debug|Any CPU
		{F3604CEE-D092-40BC-B592-39EB4F8D28E3}.Debug|Any CPU.Build.0 = Debug|Any CPU
		{F3604CEE-D092-40BC-B592-39EB4F8D28E3}.Dev|Any CPU.ActiveCfg = Debug|Any CPU
		{F3604CEE-D092-40BC-B592-39EB4F8D28E3}.Dev|Any CPU.Build.0 = Debug|Any CPU
		{F3604CEE-D092-40BC-B592-39EB4F8D28E3}.Dev1|Any CPU.ActiveCfg = Debug|Any CPU
		{F3604CEE-D092-40BC-B592-39EB4F8D28E3}.Dev1|Any CPU.Build.0 = Debug|Any CPU
		{F3604CEE-D092-40BC-B592-39EB4F8D28E3}.ProdTest|Any CPU.ActiveCfg = ProdTest|Any CPU
		{F3604CEE-D092-40BC-B592-39EB4F8D28E3}.ProdTest|Any CPU.Build.0 = ProdTest|Any CPU
		{F3604CEE-D092-40BC-B592-39EB4F8D28E3}.Production|Any CPU.ActiveCfg = Release|Any CPU
		{F3604CEE-D092-40BC-B592-39EB4F8D28E3}.Production|Any CPU.Build.0 = Release|Any CPU
		{F3604CEE-D092-40BC-B592-39EB4F8D28E3}.Qa|Any CPU.ActiveCfg = Release|Any CPU
		{F3604CEE-D092-40BC-B592-39EB4F8D28E3}.Qa|Any CPU.Build.0 = Release|Any CPU
		{F3604CEE-D092-40BC-B592-39EB4F8D28E3}.Release|Any CPU.ActiveCfg = Release|Any CPU
		{F3604CEE-D092-40BC-B592-39EB4F8D28E3}.Release|Any CPU.Build.0 = Release|Any CPU
		{F3604CEE-D092-40BC-B592-39EB4F8D28E3}.Sandbox|Any CPU.ActiveCfg = Release|Any CPU
		{F3604CEE-D092-40BC-B592-39EB4F8D28E3}.Sandbox|Any CPU.Build.0 = Release|Any CPU
		{F3604CEE-D092-40BC-B592-39EB4F8D28E3}.Stage|Any CPU.ActiveCfg = Stage|Any CPU
		{F3604CEE-D092-40BC-B592-39EB4F8D28E3}.Stage|Any CPU.Build.0 = Stage|Any CPU
		{E94F3F94-4E65-459A-8659-01C39D8FAF76}.Debug|Any CPU.ActiveCfg = Debug|Any CPU
		{E94F3F94-4E65-459A-8659-01C39D8FAF76}.Debug|Any CPU.Build.0 = Debug|Any CPU
		{E94F3F94-4E65-459A-8659-01C39D8FAF76}.Dev|Any CPU.ActiveCfg = Debug|Any CPU
		{E94F3F94-4E65-459A-8659-01C39D8FAF76}.Dev|Any CPU.Build.0 = Debug|Any CPU
		{E94F3F94-4E65-459A-8659-01C39D8FAF76}.Dev1|Any CPU.ActiveCfg = Debug|Any CPU
		{E94F3F94-4E65-459A-8659-01C39D8FAF76}.Dev1|Any CPU.Build.0 = Debug|Any CPU
		{E94F3F94-4E65-459A-8659-01C39D8FAF76}.ProdTest|Any CPU.ActiveCfg = Release|Any CPU
		{E94F3F94-4E65-459A-8659-01C39D8FAF76}.ProdTest|Any CPU.Build.0 = Release|Any CPU
		{E94F3F94-4E65-459A-8659-01C39D8FAF76}.Production|Any CPU.ActiveCfg = Release|Any CPU
		{E94F3F94-4E65-459A-8659-01C39D8FAF76}.Production|Any CPU.Build.0 = Release|Any CPU
		{E94F3F94-4E65-459A-8659-01C39D8FAF76}.Qa|Any CPU.ActiveCfg = Release|Any CPU
		{E94F3F94-4E65-459A-8659-01C39D8FAF76}.Qa|Any CPU.Build.0 = Release|Any CPU
		{E94F3F94-4E65-459A-8659-01C39D8FAF76}.Release|Any CPU.ActiveCfg = Release|Any CPU
		{E94F3F94-4E65-459A-8659-01C39D8FAF76}.Release|Any CPU.Build.0 = Release|Any CPU
		{E94F3F94-4E65-459A-8659-01C39D8FAF76}.Sandbox|Any CPU.ActiveCfg = Release|Any CPU
		{E94F3F94-4E65-459A-8659-01C39D8FAF76}.Sandbox|Any CPU.Build.0 = Release|Any CPU
		{E94F3F94-4E65-459A-8659-01C39D8FAF76}.Stage|Any CPU.ActiveCfg = Release|Any CPU
		{E94F3F94-4E65-459A-8659-01C39D8FAF76}.Stage|Any CPU.Build.0 = Release|Any CPU
		{4E4871CC-18CE-41E8-A8BD-7D8A0C589F93}.Debug|Any CPU.ActiveCfg = Debug|Any CPU
		{4E4871CC-18CE-41E8-A8BD-7D8A0C589F93}.Debug|Any CPU.Build.0 = Debug|Any CPU
		{4E4871CC-18CE-41E8-A8BD-7D8A0C589F93}.Dev|Any CPU.ActiveCfg = Debug|Any CPU
		{4E4871CC-18CE-41E8-A8BD-7D8A0C589F93}.Dev|Any CPU.Build.0 = Debug|Any CPU
		{4E4871CC-18CE-41E8-A8BD-7D8A0C589F93}.Dev1|Any CPU.ActiveCfg = Debug|Any CPU
		{4E4871CC-18CE-41E8-A8BD-7D8A0C589F93}.Dev1|Any CPU.Build.0 = Debug|Any CPU
		{4E4871CC-18CE-41E8-A8BD-7D8A0C589F93}.ProdTest|Any CPU.ActiveCfg = Release|Any CPU
		{4E4871CC-18CE-41E8-A8BD-7D8A0C589F93}.ProdTest|Any CPU.Build.0 = Release|Any CPU
		{4E4871CC-18CE-41E8-A8BD-7D8A0C589F93}.Production|Any CPU.ActiveCfg = Release|Any CPU
		{4E4871CC-18CE-41E8-A8BD-7D8A0C589F93}.Production|Any CPU.Build.0 = Release|Any CPU
		{4E4871CC-18CE-41E8-A8BD-7D8A0C589F93}.Qa|Any CPU.ActiveCfg = Release|Any CPU
		{4E4871CC-18CE-41E8-A8BD-7D8A0C589F93}.Qa|Any CPU.Build.0 = Release|Any CPU
		{4E4871CC-18CE-41E8-A8BD-7D8A0C589F93}.Release|Any CPU.ActiveCfg = Release|Any CPU
		{4E4871CC-18CE-41E8-A8BD-7D8A0C589F93}.Release|Any CPU.Build.0 = Release|Any CPU
		{4E4871CC-18CE-41E8-A8BD-7D8A0C589F93}.Sandbox|Any CPU.ActiveCfg = Release|Any CPU
		{4E4871CC-18CE-41E8-A8BD-7D8A0C589F93}.Sandbox|Any CPU.Build.0 = Release|Any CPU
		{4E4871CC-18CE-41E8-A8BD-7D8A0C589F93}.Stage|Any CPU.ActiveCfg = Release|Any CPU
		{4E4871CC-18CE-41E8-A8BD-7D8A0C589F93}.Stage|Any CPU.Build.0 = Release|Any CPU
		{06A285CD-2E41-477B-BF66-6089C3493672}.Debug|Any CPU.ActiveCfg = Debug|Any CPU
		{06A285CD-2E41-477B-BF66-6089C3493672}.Debug|Any CPU.Build.0 = Debug|Any CPU
		{06A285CD-2E41-477B-BF66-6089C3493672}.Dev|Any CPU.ActiveCfg = Debug|Any CPU
		{06A285CD-2E41-477B-BF66-6089C3493672}.Dev|Any CPU.Build.0 = Debug|Any CPU
		{06A285CD-2E41-477B-BF66-6089C3493672}.Dev1|Any CPU.ActiveCfg = Debug|Any CPU
		{06A285CD-2E41-477B-BF66-6089C3493672}.Dev1|Any CPU.Build.0 = Debug|Any CPU
		{06A285CD-2E41-477B-BF66-6089C3493672}.ProdTest|Any CPU.ActiveCfg = Debug|Any CPU
		{06A285CD-2E41-477B-BF66-6089C3493672}.ProdTest|Any CPU.Build.0 = Debug|Any CPU
		{06A285CD-2E41-477B-BF66-6089C3493672}.Production|Any CPU.ActiveCfg = Debug|Any CPU
		{06A285CD-2E41-477B-BF66-6089C3493672}.Production|Any CPU.Build.0 = Debug|Any CPU
		{06A285CD-2E41-477B-BF66-6089C3493672}.Qa|Any CPU.ActiveCfg = Debug|Any CPU
		{06A285CD-2E41-477B-BF66-6089C3493672}.Qa|Any CPU.Build.0 = Debug|Any CPU
		{06A285CD-2E41-477B-BF66-6089C3493672}.Release|Any CPU.ActiveCfg = Release|Any CPU
		{06A285CD-2E41-477B-BF66-6089C3493672}.Release|Any CPU.Build.0 = Release|Any CPU
		{06A285CD-2E41-477B-BF66-6089C3493672}.Sandbox|Any CPU.ActiveCfg = Debug|Any CPU
		{06A285CD-2E41-477B-BF66-6089C3493672}.Sandbox|Any CPU.Build.0 = Debug|Any CPU
		{06A285CD-2E41-477B-BF66-6089C3493672}.Stage|Any CPU.ActiveCfg = Debug|Any CPU
		{06A285CD-2E41-477B-BF66-6089C3493672}.Stage|Any CPU.Build.0 = Debug|Any CPU
		{02FD085B-6364-4D2B-906D-A4B3F69D6AA8}.Debug|Any CPU.ActiveCfg = Debug|Any CPU
		{02FD085B-6364-4D2B-906D-A4B3F69D6AA8}.Debug|Any CPU.Build.0 = Debug|Any CPU
		{02FD085B-6364-4D2B-906D-A4B3F69D6AA8}.Dev|Any CPU.ActiveCfg = Debug|Any CPU
		{02FD085B-6364-4D2B-906D-A4B3F69D6AA8}.Dev|Any CPU.Build.0 = Debug|Any CPU
		{02FD085B-6364-4D2B-906D-A4B3F69D6AA8}.Dev1|Any CPU.ActiveCfg = Debug|Any CPU
		{02FD085B-6364-4D2B-906D-A4B3F69D6AA8}.Dev1|Any CPU.Build.0 = Debug|Any CPU
		{02FD085B-6364-4D2B-906D-A4B3F69D6AA8}.ProdTest|Any CPU.ActiveCfg = Release|Any CPU
		{02FD085B-6364-4D2B-906D-A4B3F69D6AA8}.ProdTest|Any CPU.Build.0 = Release|Any CPU
		{02FD085B-6364-4D2B-906D-A4B3F69D6AA8}.Production|Any CPU.ActiveCfg = Release|Any CPU
		{02FD085B-6364-4D2B-906D-A4B3F69D6AA8}.Production|Any CPU.Build.0 = Release|Any CPU
		{02FD085B-6364-4D2B-906D-A4B3F69D6AA8}.Qa|Any CPU.ActiveCfg = Release|Any CPU
		{02FD085B-6364-4D2B-906D-A4B3F69D6AA8}.Qa|Any CPU.Build.0 = Release|Any CPU
		{02FD085B-6364-4D2B-906D-A4B3F69D6AA8}.Release|Any CPU.ActiveCfg = Release|Any CPU
		{02FD085B-6364-4D2B-906D-A4B3F69D6AA8}.Release|Any CPU.Build.0 = Release|Any CPU
		{02FD085B-6364-4D2B-906D-A4B3F69D6AA8}.Sandbox|Any CPU.ActiveCfg = Release|Any CPU
		{02FD085B-6364-4D2B-906D-A4B3F69D6AA8}.Sandbox|Any CPU.Build.0 = Release|Any CPU
		{02FD085B-6364-4D2B-906D-A4B3F69D6AA8}.Stage|Any CPU.ActiveCfg = Qa|Any CPU
		{02FD085B-6364-4D2B-906D-A4B3F69D6AA8}.Stage|Any CPU.Build.0 = Qa|Any CPU
		{FC86C50F-8BF8-4818-8D1C-C7BC656FEDEE}.Debug|Any CPU.ActiveCfg = Debug|Any CPU
		{FC86C50F-8BF8-4818-8D1C-C7BC656FEDEE}.Debug|Any CPU.Build.0 = Debug|Any CPU
		{FC86C50F-8BF8-4818-8D1C-C7BC656FEDEE}.Dev|Any CPU.ActiveCfg = Debug|Any CPU
		{FC86C50F-8BF8-4818-8D1C-C7BC656FEDEE}.Dev|Any CPU.Build.0 = Debug|Any CPU
		{FC86C50F-8BF8-4818-8D1C-C7BC656FEDEE}.Dev1|Any CPU.ActiveCfg = Debug|Any CPU
		{FC86C50F-8BF8-4818-8D1C-C7BC656FEDEE}.Dev1|Any CPU.Build.0 = Debug|Any CPU
		{FC86C50F-8BF8-4818-8D1C-C7BC656FEDEE}.ProdTest|Any CPU.ActiveCfg = Release|Any CPU
		{FC86C50F-8BF8-4818-8D1C-C7BC656FEDEE}.ProdTest|Any CPU.Build.0 = Release|Any CPU
		{FC86C50F-8BF8-4818-8D1C-C7BC656FEDEE}.Production|Any CPU.ActiveCfg = Release|Any CPU
		{FC86C50F-8BF8-4818-8D1C-C7BC656FEDEE}.Production|Any CPU.Build.0 = Release|Any CPU
		{FC86C50F-8BF8-4818-8D1C-C7BC656FEDEE}.Qa|Any CPU.ActiveCfg = Release|Any CPU
		{FC86C50F-8BF8-4818-8D1C-C7BC656FEDEE}.Qa|Any CPU.Build.0 = Release|Any CPU
		{FC86C50F-8BF8-4818-8D1C-C7BC656FEDEE}.Release|Any CPU.ActiveCfg = Release|Any CPU
		{FC86C50F-8BF8-4818-8D1C-C7BC656FEDEE}.Release|Any CPU.Build.0 = Release|Any CPU
		{FC86C50F-8BF8-4818-8D1C-C7BC656FEDEE}.Sandbox|Any CPU.ActiveCfg = Release|Any CPU
		{FC86C50F-8BF8-4818-8D1C-C7BC656FEDEE}.Sandbox|Any CPU.Build.0 = Release|Any CPU
		{FC86C50F-8BF8-4818-8D1C-C7BC656FEDEE}.Stage|Any CPU.ActiveCfg = Release|Any CPU
		{FC86C50F-8BF8-4818-8D1C-C7BC656FEDEE}.Stage|Any CPU.Build.0 = Release|Any CPU
		{C46A67C6-8A7A-435D-81DA-1E42368F9478}.Debug|Any CPU.ActiveCfg = Debug|Any CPU
		{C46A67C6-8A7A-435D-81DA-1E42368F9478}.Debug|Any CPU.Build.0 = Debug|Any CPU
		{C46A67C6-8A7A-435D-81DA-1E42368F9478}.Dev|Any CPU.ActiveCfg = Debug|Any CPU
		{C46A67C6-8A7A-435D-81DA-1E42368F9478}.Dev|Any CPU.Build.0 = Debug|Any CPU
		{C46A67C6-8A7A-435D-81DA-1E42368F9478}.Dev1|Any CPU.ActiveCfg = Debug|Any CPU
		{C46A67C6-8A7A-435D-81DA-1E42368F9478}.Dev1|Any CPU.Build.0 = Debug|Any CPU
		{C46A67C6-8A7A-435D-81DA-1E42368F9478}.ProdTest|Any CPU.ActiveCfg = Release|Any CPU
		{C46A67C6-8A7A-435D-81DA-1E42368F9478}.ProdTest|Any CPU.Build.0 = Release|Any CPU
		{C46A67C6-8A7A-435D-81DA-1E42368F9478}.Production|Any CPU.ActiveCfg = Release|Any CPU
		{C46A67C6-8A7A-435D-81DA-1E42368F9478}.Production|Any CPU.Build.0 = Release|Any CPU
		{C46A67C6-8A7A-435D-81DA-1E42368F9478}.Qa|Any CPU.ActiveCfg = Release|Any CPU
		{C46A67C6-8A7A-435D-81DA-1E42368F9478}.Qa|Any CPU.Build.0 = Release|Any CPU
		{C46A67C6-8A7A-435D-81DA-1E42368F9478}.Release|Any CPU.ActiveCfg = Release|Any CPU
		{C46A67C6-8A7A-435D-81DA-1E42368F9478}.Release|Any CPU.Build.0 = Release|Any CPU
		{C46A67C6-8A7A-435D-81DA-1E42368F9478}.Sandbox|Any CPU.ActiveCfg = Release|Any CPU
		{C46A67C6-8A7A-435D-81DA-1E42368F9478}.Sandbox|Any CPU.Build.0 = Release|Any CPU
		{C46A67C6-8A7A-435D-81DA-1E42368F9478}.Stage|Any CPU.ActiveCfg = Release|Any CPU
		{C46A67C6-8A7A-435D-81DA-1E42368F9478}.Stage|Any CPU.Build.0 = Release|Any CPU
	EndGlobalSection
	GlobalSection(SolutionProperties) = preSolution
		HideSolutionNode = FALSE
	EndGlobalSection
	GlobalSection(ExtensibilityGlobals) = postSolution
		SolutionGuid = {45A9A117-0A5F-4F6E-892D-2FA00DF3D953}
	EndGlobalSection
	GlobalSection(Performance) = preSolution
		HasPerformanceSessions = true
	EndGlobalSection
EndGlobal
